
Microsoft Visual Studio Solution File, Format Version 12.00
# Visual Studio 15
VisualStudioVersion = 15.0.28307.779
MinimumVisualStudioVersion = 10.0.40219.1
Project("{9A19103F-16F7-4668-BE54-9A1E7A4F7556}") = "Hora.Web", "Hora.Web\Hora.Web.csproj", "{83F306CD-F18B-4AED-A86D-22A7C2AB6E0F}"
EndProject
Global
	GlobalSection(SolutionConfigurationPlatforms) = preSolution
		Debug|Any CPU = Debug|Any CPU
		Release|Any CPU = Release|Any CPU
	EndGlobalSection
	GlobalSection(ProjectConfigurationPlatforms) = postSolution
		{83F306CD-F18B-4AED-A86D-22A7C2AB6E0F}.Debug|Any CPU.ActiveCfg = Debug|Any CPU
		{83F306CD-F18B-4AED-A86D-22A7C2AB6E0F}.Debug|Any CPU.Build.0 = Debug|Any CPU
		{83F306CD-F18B-4AED-A86D-22A7C2AB6E0F}.Release|Any CPU.ActiveCfg = Release|Any CPU
		{83F306CD-F18B-4AED-A86D-22A7C2AB6E0F}.Release|Any CPU.Build.0 = Release|Any CPU
	EndGlobalSection
	GlobalSection(SolutionProperties) = preSolution
		HideSolutionNode = FALSE
	EndGlobalSection
	GlobalSection(ExtensibilityGlobals) = postSolution
		SolutionGuid = {840A5185-8F44-40AF-8B14-A787FDC32E4C}
	EndGlobalSection
EndGlobal
